
Microsoft Visual Studio Solution File, Format Version 12.00
# Visual Studio 14
VisualStudioVersion = 14.0.25420.1
MinimumVisualStudioVersion = 10.0.40219.1
Project("{FAE04EC0-301F-11D3-BF4B-00C04F79EFBC}") = "ForCheng.WindowTemplate", "ForCheng.WindowTemplate\ForCheng.WindowTemplate.csproj", "{F6EADD64-7851-46F4-A804-E2DB4DCB6AE5}"
EndProject
Project("{FAE04EC0-301F-11D3-BF4B-00C04F79EFBC}") = "TestWpfApplication", "TestWpfApplication\TestWpfApplication.csproj", "{BC39CA12-4C58-4E56-A557-4D70D3006A85}"
EndProject
Global
	GlobalSection(SolutionConfigurationPlatforms) = preSolution
		Debug|Any CPU = Debug|Any CPU
		Release|Any CPU = Release|Any CPU
	EndGlobalSection
	GlobalSection(ProjectConfigurationPlatforms) = postSolution
		{F6EADD64-7851-46F4-A804-E2DB4DCB6AE5}.Debug|Any CPU.ActiveCfg = Debug|Any CPU
		{F6EADD64-7851-46F4-A804-E2DB4DCB6AE5}.Debug|Any CPU.Build.0 = Debug|Any CPU
		{F6EADD64-7851-46F4-A804-E2DB4DCB6AE5}.Release|Any CPU.ActiveCfg = Release|Any CPU
		{F6EADD64-7851-46F4-A804-E2DB4DCB6AE5}.Release|Any CPU.Build.0 = Release|Any CPU
		{BC39CA12-4C58-4E56-A557-4D70D3006A85}.Debug|Any CPU.ActiveCfg = Debug|Any CPU
		{BC39CA12-4C58-4E56-A557-4D70D3006A85}.Debug|Any CPU.Build.0 = Debug|Any CPU
		{BC39CA12-4C58-4E56-A557-4D70D3006A85}.Release|Any CPU.ActiveCfg = Release|Any CPU
		{BC39CA12-4C58-4E56-A557-4D70D3006A85}.Release|Any CPU.Build.0 = Release|Any CPU
	EndGlobalSection
	GlobalSection(SolutionProperties) = preSolution
		HideSolutionNode = FALSE
	EndGlobalSection
EndGlobal
